
Microsoft Visual Studio Solution File, Format Version 12.00
Project("{FAE04EC0-301F-11D3-BF4B-00C04F79EFBC}") = "ReactiveProcesses", "ReactiveProcesses\ReactiveProcesses.csproj", "{B2CD127A-61F4-4B89-8A72-DD196190BC82}"
EndProject
Project("{FAE04EC0-301F-11D3-BF4B-00C04F79EFBC}") = "ReactiveProcesses.TestCli", "ReactiveProcesses.TestCli\ReactiveProcesses.TestCli.csproj", "{375F6565-E700-4098-B4AF-0AECCEF61662}"
EndProject
Global
	GlobalSection(SolutionConfigurationPlatforms) = preSolution
		Debug|Any CPU = Debug|Any CPU
		Release|Any CPU = Release|Any CPU
	EndGlobalSection
	GlobalSection(ProjectConfigurationPlatforms) = postSolution
		{B2CD127A-61F4-4B89-8A72-DD196190BC82}.Debug|Any CPU.ActiveCfg = Debug|Any CPU
		{B2CD127A-61F4-4B89-8A72-DD196190BC82}.Debug|Any CPU.Build.0 = Debug|Any CPU
		{B2CD127A-61F4-4B89-8A72-DD196190BC82}.Release|Any CPU.ActiveCfg = Release|Any CPU
		{B2CD127A-61F4-4B89-8A72-DD196190BC82}.Release|Any CPU.Build.0 = Release|Any CPU
		{375F6565-E700-4098-B4AF-0AECCEF61662}.Debug|Any CPU.ActiveCfg = Debug|Any CPU
		{375F6565-E700-4098-B4AF-0AECCEF61662}.Debug|Any CPU.Build.0 = Debug|Any CPU
		{375F6565-E700-4098-B4AF-0AECCEF61662}.Release|Any CPU.ActiveCfg = Release|Any CPU
		{375F6565-E700-4098-B4AF-0AECCEF61662}.Release|Any CPU.Build.0 = Release|Any CPU
	EndGlobalSection
EndGlobal
